// !$*UTF8*$!
{
	archiveVersion = 1;
	classes = {
	};
	objectVersion = 46;
	objects = {

/* Begin PBXBuildFile section */
		0253FF786B80084065EC5101 /* StartupManager.swift in Sources */ = {isa = PBXBuildFile; fileRef = CC1633781A31AEB21047059D /* StartupManager.swift */; };
		0A057EF2AE5346B0787DB4C5 /* DisplayProviding.swift in Sources */ = {isa = PBXBuildFile; fileRef = 05AB68F626883E7CAE525DFE /* DisplayProviding.swift */; };
		0B90BAF7B175E6078AC5A674 /* StartupSettingsView.swift in Sources */ = {isa = PBXBuildFile; fileRef = 3A16F62C32CC8D49A784FC9C /* StartupSettingsView.swift */; };
		1333481B3D2D0AC52C9C31BC /* WallpaperApp.swift in Sources */ = {isa = PBXBuildFile; fileRef = DDAB5D2A556E2A0BC52000CA /* WallpaperApp.swift */; };
		14BC10C70EBE99CEB04B516A /* PosterCacheStore.swift in Sources */ = {isa = PBXBuildFile; fileRef = 91B9C4B7379809D4FE1A3F58 /* PosterCacheStore.swift */; };
		17E6C42323852C1EFCCD7A27 /* FileManager+Wallpaper.swift in Sources */ = {isa = PBXBuildFile; fileRef = A902EA65EC29AB0CEFBA3EFB /* FileManager+Wallpaper.swift */; };
		25F744675D95EB20A2E72C70 /* RenderSession.swift in Sources */ = {isa = PBXBuildFile; fileRef = 8C449B198F1AE6055B5635F7 /* RenderSession.swift */; };
		2F1173786ADB31092BB27566 /* DesktopWallpaperWindow.swift in Sources */ = {isa = PBXBuildFile; fileRef = CCF05AF39461ECF10F8B6B7F /* DesktopWallpaperWindow.swift */; };
		383B99FDA75EFEA62319B55F /* AccessBookmark.swift in Sources */ = {isa = PBXBuildFile; fileRef = 1B5AE67FEA80F0A059C1E262 /* AccessBookmark.swift */; };
		42BCC4BA74990B6DB57099DF /* AppDelegate.swift in Sources */ = {isa = PBXBuildFile; fileRef = 4639427A439E618C7F4927C5 /* AppDelegate.swift */; };
		44AB85F4F972C0B2698CF283 /* SettingsView.swift in Sources */ = {isa = PBXBuildFile; fileRef = 381CD2912A80A801DF0713CB /* SettingsView.swift */; };
		46585D9B60D59C363628E4A7 /* DisplayManager.swift in Sources */ = {isa = PBXBuildFile; fileRef = C49434CB909302F52D1EE58C /* DisplayManager.swift */; };
		4BE0A31C3F98931B70D523B3 /* PlaybackEligibilityEvaluator.swift in Sources */ = {isa = PBXBuildFile; fileRef = 4CA49175DC7B9071AB73A72A /* PlaybackEligibilityEvaluator.swift */; };
		4DCAAD40125BC004264ED467 /* FullscreenWindowDetector.swift in Sources */ = {isa = PBXBuildFile; fileRef = 2F74379DB4BE675191754C80 /* FullscreenWindowDetector.swift */; };
		4E023E01CFEA7C53901B5D6A /* DisplayTarget.swift in Sources */ = {isa = PBXBuildFile; fileRef = 7192FEBD9257C2FDA742A092 /* DisplayTarget.swift */; };
		659A4D0ACF714BEE9CBA839A /* AssetInspector.swift in Sources */ = {isa = PBXBuildFile; fileRef = 40DBA0D7F360016425ADA704 /* AssetInspector.swift */; };
		6677CEBADA9C42068D2F0348 /* SessionReconciliationPolicy.swift in Sources */ = {isa = PBXBuildFile; fileRef = 66CA5DFBCD827D8D512B3817 /* SessionReconciliationPolicy.swift */; };
		672FF7BC6D5CF03BEDF049F3 /* SettingsStoring.swift in Sources */ = {isa = PBXBuildFile; fileRef = B738591B02825BB54BC7EE71 /* SettingsStoring.swift */; };
		6AEB0AA2FEAF6A6D21CC5425 /* Assets.xcassets in Resources */ = {isa = PBXBuildFile; fileRef = E36CC9824046DE3174592693 /* Assets.xcassets */; };
		6B9FC31D9A30EDF36568EE44 /* StatusItemController.swift in Sources */ = {isa = PBXBuildFile; fileRef = 7174A2E713A80764C3421225 /* StatusItemController.swift */; };
		6D1011FEC181BC009FF7FEB3 /* Cocoa.framework in Frameworks */ = {isa = PBXBuildFile; fileRef = 9289FA9C2A0E599C5D2DC929 /* Cocoa.framework */; };
		70524EFC6380FCFCBEAEA71C /* WallpaperAsset.swift in Sources */ = {isa = PBXBuildFile; fileRef = F9FCCFFBEBB856191FFCD438 /* WallpaperAsset.swift */; };
		71B4814F838DBF1F35632571 /* WallpaperSessionManager.swift in Sources */ = {isa = PBXBuildFile; fileRef = 79460C510CE10662A9918EC4 /* WallpaperSessionManager.swift */; };
		7623F9EB50B58C8EE665ADB6 /* OcclusionObserver.swift in Sources */ = {isa = PBXBuildFile; fileRef = C0A2B0B64C1564DE54CE15EA /* OcclusionObserver.swift */; };
		76B1182A81F803EF0D0E0AEF /* PermissionStoring.swift in Sources */ = {isa = PBXBuildFile; fileRef = 0F0D6DC6B668CB1167900BA8 /* PermissionStoring.swift */; };
		7816AE28143C4E142873A7CA /* EnergySettingsView.swift in Sources */ = {isa = PBXBuildFile; fileRef = 63ECF50C5450306369DDE073 /* EnergySettingsView.swift */; };
		7CD0657F590D0DA55F09A08C /* PosterFrameGenerator.swift in Sources */ = {isa = PBXBuildFile; fileRef = B53F8CF1527198785D11BC25 /* PosterFrameGenerator.swift */; };
		7D4F312245B2C7FB1C19EC5C /* DesktopWallpaperWindowController.swift in Sources */ = {isa = PBXBuildFile; fileRef = 1ABAD29E7A468F354FE7C838 /* DesktopWallpaperWindowController.swift */; };
		7D56A48D1794FF169EC7B584 /* AssetCatalogStore.swift in Sources */ = {isa = PBXBuildFile; fileRef = 8960647F63A6C8139BC47EE0 /* AssetCatalogStore.swift */; };
		7F9043E4AC6054A3052BD011 /* EnergyPolicyController.swift in Sources */ = {isa = PBXBuildFile; fileRef = 0208A47054A67DD9432ECC9C /* EnergyPolicyController.swift */; };
		7FC3BCA826905737083B4941 /* PlaybackControlling.swift in Sources */ = {isa = PBXBuildFile; fileRef = 6F1B0AEC09F28DD718DCCA60 /* PlaybackControlling.swift */; };
		8387891382372256965ED406 /* PowerSourceMonitor.swift in Sources */ = {isa = PBXBuildFile; fileRef = C223D00AC7F9B15A6BA4E67A /* PowerSourceMonitor.swift */; };
		86DC91D5D49609D0AD4B4883 /* Defaults.plist in Resources */ = {isa = PBXBuildFile; fileRef = 0007D0F6E6ADFCA516988769 /* Defaults.plist */; };
		8E3F954FD24A3F95BBA97AB4 /* Localizable.xcstrings in Resources */ = {isa = PBXBuildFile; fileRef = C5FFD6ED049A1F0F52D7A02F /* Localizable.xcstrings */; };
		8E402206425E79847BEA421E /* WallpaperPlacementEditor.swift in Sources */ = {isa = PBXBuildFile; fileRef = 769C5C6681CCA99AD1B92B83 /* WallpaperPlacementEditor.swift */; };
		91FE7B0B81208000BF797866 /* FilePermissionStore.swift in Sources */ = {isa = PBXBuildFile; fileRef = E15123968F08AD96DC79E60F /* FilePermissionStore.swift */; };
		95AB2D71D599ADD63DED279C /* Cocoa.framework in Frameworks */ = {isa = PBXBuildFile; fileRef = 9289FA9C2A0E599C5D2DC929 /* Cocoa.framework */; };
		995B74426B6F391145286EB3 /* LibraryView.swift in Sources */ = {isa = PBXBuildFile; fileRef = EFF6BA796CCB67B074D377DE /* LibraryView.swift */; };
		A0D660DD04DAC33BDFD15852 /* WallpaperHostView.swift in Sources */ = {isa = PBXBuildFile; fileRef = 3D12F4326D9C4AF891175955 /* WallpaperHostView.swift */; };
		A0F233E35ED250A3746167F1 /* UserPreferences.swift in Sources */ = {isa = PBXBuildFile; fileRef = F0A170F59F9DA8AE395565BF /* UserPreferences.swift */; };
		A2474E03084AA6FB229FC1E0 /* ThermalMonitor.swift in Sources */ = {isa = PBXBuildFile; fileRef = 2739FA80286E78266F4E9BFF /* ThermalMonitor.swift */; };
		A382319A856B4D26B12957BE /* AppCoordinator.swift in Sources */ = {isa = PBXBuildFile; fileRef = 9A9BAB7A780E6B72169896CB /* AppCoordinator.swift */; };
		A57944E70B2195758D95611C /* SettingsStore.swift in Sources */ = {isa = PBXBuildFile; fileRef = A1DB0362C37DDF99B78E9DAE /* SettingsStore.swift */; };
		A627F899330AE634BF14A911 /* AssetMetadataLoader.swift in Sources */ = {isa = PBXBuildFile; fileRef = AB990290CF22B330866A5016 /* AssetMetadataLoader.swift */; };
		ACA3320DFFCB4B636D24ECAD /* DisplayAssignmentsViewModel.swift in Sources */ = {isa = PBXBuildFile; fileRef = A2E7EF1AC2035FB6A25FAB56 /* DisplayAssignmentsViewModel.swift */; };
		B2D004E8711656F41A2BCA74 /* AppRuntimeState.swift in Sources */ = {isa = PBXBuildFile; fileRef = DE858EB946BB59E679C39AE7 /* AppRuntimeState.swift */; };
		B991CA1267F51754BE0AFCFD /* DisplaysView.swift in Sources */ = {isa = PBXBuildFile; fileRef = E9353509C95268345A8A8098 /* DisplaysView.swift */; };
		BE232D8E88A0726491A35B66 /* WallpaperTests.swift in Sources */ = {isa = PBXBuildFile; fileRef = F73F470494EB0545D4F0350F /* WallpaperTests.swift */; };
		C557BE36575D7A2639C2CEE5 /* SystemEventMonitor.swift in Sources */ = {isa = PBXBuildFile; fileRef = B53B0C2668EBC342E6E6CFFA /* SystemEventMonitor.swift */; };
		CC1384BCD85F8EFDBC375023 /* NSScreen+Display.swift in Sources */ = {isa = PBXBuildFile; fileRef = 3C9150A3F36685E85DBEC608 /* NSScreen+Display.swift */; };
		CC44C4FC98D0D341600D7D4F /* PlaybackProfile.swift in Sources */ = {isa = PBXBuildFile; fileRef = B3C085DC2FD85385A27CCFE6 /* PlaybackProfile.swift */; };
		CE17A7B784361D91E6E08576 /* AVPlayerPlaybackController.swift in Sources */ = {isa = PBXBuildFile; fileRef = 404788DAB422FE6281BBF593 /* AVPlayerPlaybackController.swift */; };
		CFC731725BE045D4EE743BD9 /* StartupLoginManager.swift in Sources */ = {isa = PBXBuildFile; fileRef = 247A2D4C1E25D205673268FC /* StartupLoginManager.swift */; };
		DDDA4D310BD8F59E9E5B9BA7 /* GeneralSettingsView.swift in Sources */ = {isa = PBXBuildFile; fileRef = 146420A48A1824080F224545 /* GeneralSettingsView.swift */; };
		FB1F92F79540728F883D2088 /* VideoCapabilityInspector.swift in Sources */ = {isa = PBXBuildFile; fileRef = 5EB7554041A0D264BF1454D4 /* VideoCapabilityInspector.swift */; };
		FB8E8A35DE703979C16D50D4 /* ImportVideoUseCase.swift in Sources */ = {isa = PBXBuildFile; fileRef = 537E306C5E15512FD4EACB52 /* ImportVideoUseCase.swift */; };
		FE26B4036278941CC85727D6 /* WallpaperPlacement.swift in Sources */ = {isa = PBXBuildFile; fileRef = E7E2B31CAD80F6021DEF938B /* WallpaperPlacement.swift */; };
/* End PBXBuildFile section */

/* Begin PBXContainerItemProxy section */
		EDC79144B03627EBA4501320 /* PBXContainerItemProxy */ = {
			isa = PBXContainerItemProxy;
			containerPortal = 9E72306636B6D0733F20AB72 /* Project object */;
			proxyType = 1;
			remoteGlobalIDString = 5002032E77E498DD97864F80;
			remoteInfo = Wallpaper;
		};
/* End PBXContainerItemProxy section */

/* Begin PBXFileReference section */
		0007D0F6E6ADFCA516988769 /* Defaults.plist */ = {isa = PBXFileReference; includeInIndex = 1; lastKnownFileType = text.plist.xml; name = Defaults.plist; path = Wallpaper/Resources/Defaults.plist; sourceTree = "<group>"; };
		0208A47054A67DD9432ECC9C /* EnergyPolicyController.swift */ = {isa = PBXFileReference; includeInIndex = 1; lastKnownFileType = sourcecode.swift; name = EnergyPolicyController.swift; path = Wallpaper/Core/Policies/EnergyPolicyController.swift; sourceTree = "<group>"; };
		05AB68F626883E7CAE525DFE /* DisplayProviding.swift */ = {isa = PBXFileReference; includeInIndex = 1; lastKnownFileType = sourcecode.swift; name = DisplayProviding.swift; path = Wallpaper/Core/Protocols/DisplayProviding.swift; sourceTree = "<group>"; };
		0F0D6DC6B668CB1167900BA8 /* PermissionStoring.swift */ = {isa = PBXFileReference; includeInIndex = 1; lastKnownFileType = sourcecode.swift; name = PermissionStoring.swift; path = Wallpaper/Core/Protocols/PermissionStoring.swift; sourceTree = "<group>"; };
		10CA118DC1954CD752C6A6AE /* Wallpaper.app */ = {isa = PBXFileReference; explicitFileType = wrapper.application; includeInIndex = 0; path = Wallpaper.app; sourceTree = BUILT_PRODUCTS_DIR; };
		10F8DB41B0C8F6E0AE90C1FD /* WallpaperTests.xctest */ = {isa = PBXFileReference; explicitFileType = wrapper.cfbundle; includeInIndex = 0; path = WallpaperTests.xctest; sourceTree = BUILT_PRODUCTS_DIR; };
		146420A48A1824080F224545 /* GeneralSettingsView.swift */ = {isa = PBXFileReference; includeInIndex = 1; lastKnownFileType = sourcecode.swift; name = GeneralSettingsView.swift; path = Wallpaper/Features/Settings/GeneralSettingsView.swift; sourceTree = "<group>"; };
		1ABAD29E7A468F354FE7C838 /* DesktopWallpaperWindowController.swift */ = {isa = PBXFileReference; includeInIndex = 1; lastKnownFileType = sourcecode.swift; name = DesktopWallpaperWindowController.swift; path = Wallpaper/Infrastructure/AppKit/DesktopWallpaperWindowController.swift; sourceTree = "<group>"; };
		1B5AE67FEA80F0A059C1E262 /* AccessBookmark.swift */ = {isa = PBXFileReference; includeInIndex = 1; lastKnownFileType = sourcecode.swift; name = AccessBookmark.swift; path = Wallpaper/Core/Domain/AccessBookmark.swift; sourceTree = "<group>"; };
		247A2D4C1E25D205673268FC /* StartupLoginManager.swift */ = {isa = PBXFileReference; includeInIndex = 1; lastKnownFileType = sourcecode.swift; name = StartupLoginManager.swift; path = Wallpaper/Infrastructure/System/StartupLoginManager.swift; sourceTree = "<group>"; };
		2739FA80286E78266F4E9BFF /* ThermalMonitor.swift */ = {isa = PBXFileReference; includeInIndex = 1; lastKnownFileType = sourcecode.swift; name = ThermalMonitor.swift; path = Wallpaper/Infrastructure/System/ThermalMonitor.swift; sourceTree = "<group>"; };
		2F74379DB4BE675191754C80 /* FullscreenWindowDetector.swift */ = {isa = PBXFileReference; includeInIndex = 1; lastKnownFileType = sourcecode.swift; name = FullscreenWindowDetector.swift; path = Wallpaper/Infrastructure/System/FullscreenWindowDetector.swift; sourceTree = "<group>"; };
		381CD2912A80A801DF0713CB /* SettingsView.swift */ = {isa = PBXFileReference; includeInIndex = 1; lastKnownFileType = sourcecode.swift; name = SettingsView.swift; path = Wallpaper/Features/Settings/SettingsView.swift; sourceTree = "<group>"; };
		3A16F62C32CC8D49A784FC9C /* StartupSettingsView.swift */ = {isa = PBXFileReference; includeInIndex = 1; lastKnownFileType = sourcecode.swift; name = StartupSettingsView.swift; path = Wallpaper/Features/Settings/StartupSettingsView.swift; sourceTree = "<group>"; };
		3C9150A3F36685E85DBEC608 /* NSScreen+Display.swift */ = {isa = PBXFileReference; includeInIndex = 1; lastKnownFileType = sourcecode.swift; name = "NSScreen+Display.swift"; path = "Wallpaper/Utilities/Extensions/NSScreen+Display.swift"; sourceTree = "<group>"; };
		3D12F4326D9C4AF891175955 /* WallpaperHostView.swift */ = {isa = PBXFileReference; includeInIndex = 1; lastKnownFileType = sourcecode.swift; name = WallpaperHostView.swift; path = Wallpaper/Infrastructure/AppKit/WallpaperHostView.swift; sourceTree = "<group>"; };
		404788DAB422FE6281BBF593 /* AVPlayerPlaybackController.swift */ = {isa = PBXFileReference; includeInIndex = 1; lastKnownFileType = sourcecode.swift; name = AVPlayerPlaybackController.swift; path = Wallpaper/Infrastructure/AVFoundation/AVPlayerPlaybackController.swift; sourceTree = "<group>"; };
		40DBA0D7F360016425ADA704 /* AssetInspector.swift */ = {isa = PBXFileReference; includeInIndex = 1; lastKnownFileType = sourcecode.swift; name = AssetInspector.swift; path = Wallpaper/Features/Library/AssetInspector.swift; sourceTree = "<group>"; };
		4639427A439E618C7F4927C5 /* AppDelegate.swift */ = {isa = PBXFileReference; includeInIndex = 1; lastKnownFileType = sourcecode.swift; name = AppDelegate.swift; path = Wallpaper/App/AppDelegate.swift; sourceTree = "<group>"; };
		4CA49175DC7B9071AB73A72A /* PlaybackEligibilityEvaluator.swift */ = {isa = PBXFileReference; includeInIndex = 1; lastKnownFileType = sourcecode.swift; name = PlaybackEligibilityEvaluator.swift; path = Wallpaper/Core/Policies/PlaybackEligibilityEvaluator.swift; sourceTree = "<group>"; };
		537E306C5E15512FD4EACB52 /* ImportVideoUseCase.swift */ = {isa = PBXFileReference; includeInIndex = 1; lastKnownFileType = sourcecode.swift; name = ImportVideoUseCase.swift; path = Wallpaper/Features/Library/ImportVideoUseCase.swift; sourceTree = "<group>"; };
		5EB7554041A0D264BF1454D4 /* VideoCapabilityInspector.swift */ = {isa = PBXFileReference; includeInIndex = 1; lastKnownFileType = sourcecode.swift; name = VideoCapabilityInspector.swift; path = Wallpaper/Infrastructure/AVFoundation/VideoCapabilityInspector.swift; sourceTree = "<group>"; };
		63ECF50C5450306369DDE073 /* EnergySettingsView.swift */ = {isa = PBXFileReference; includeInIndex = 1; lastKnownFileType = sourcecode.swift; name = EnergySettingsView.swift; path = Wallpaper/Features/Settings/EnergySettingsView.swift; sourceTree = "<group>"; };
		66CA5DFBCD827D8D512B3817 /* SessionReconciliationPolicy.swift */ = {isa = PBXFileReference; includeInIndex = 1; lastKnownFileType = sourcecode.swift; name = SessionReconciliationPolicy.swift; path = Wallpaper/Core/Policies/SessionReconciliationPolicy.swift; sourceTree = "<group>"; };
		6F1B0AEC09F28DD718DCCA60 /* PlaybackControlling.swift */ = {isa = PBXFileReference; includeInIndex = 1; lastKnownFileType = sourcecode.swift; name = PlaybackControlling.swift; path = Wallpaper/Core/Protocols/PlaybackControlling.swift; sourceTree = "<group>"; };
		7174A2E713A80764C3421225 /* StatusItemController.swift */ = {isa = PBXFileReference; includeInIndex = 1; lastKnownFileType = sourcecode.swift; name = StatusItemController.swift; path = Wallpaper/App/StatusItemController.swift; sourceTree = "<group>"; };
		7192FEBD9257C2FDA742A092 /* DisplayTarget.swift */ = {isa = PBXFileReference; includeInIndex = 1; lastKnownFileType = sourcecode.swift; name = DisplayTarget.swift; path = Wallpaper/Core/Domain/DisplayTarget.swift; sourceTree = "<group>"; };
		769C5C6681CCA99AD1B92B83 /* WallpaperPlacementEditor.swift */ = {isa = PBXFileReference; includeInIndex = 1; lastKnownFileType = sourcecode.swift; name = WallpaperPlacementEditor.swift; path = Wallpaper/Features/Displays/WallpaperPlacementEditor.swift; sourceTree = "<group>"; };
		79460C510CE10662A9918EC4 /* WallpaperSessionManager.swift */ = {isa = PBXFileReference; includeInIndex = 1; lastKnownFileType = sourcecode.swift; name = WallpaperSessionManager.swift; path = Wallpaper/App/WallpaperSessionManager.swift; sourceTree = "<group>"; };
		8960647F63A6C8139BC47EE0 /* AssetCatalogStore.swift */ = {isa = PBXFileReference; includeInIndex = 1; lastKnownFileType = sourcecode.swift; name = AssetCatalogStore.swift; path = Wallpaper/Infrastructure/Storage/AssetCatalogStore.swift; sourceTree = "<group>"; };
		8C449B198F1AE6055B5635F7 /* RenderSession.swift */ = {isa = PBXFileReference; includeInIndex = 1; lastKnownFileType = sourcecode.swift; name = RenderSession.swift; path = Wallpaper/Core/Domain/RenderSession.swift; sourceTree = "<group>"; };
		91B9C4B7379809D4FE1A3F58 /* PosterCacheStore.swift */ = {isa = PBXFileReference; includeInIndex = 1; lastKnownFileType = sourcecode.swift; name = PosterCacheStore.swift; path = Wallpaper/Infrastructure/Storage/PosterCacheStore.swift; sourceTree = "<group>"; };
		9289FA9C2A0E599C5D2DC929 /* Cocoa.framework */ = {isa = PBXFileReference; lastKnownFileType = wrapper.framework; name = Cocoa.framework; path = Platforms/MacOSX.platform/Developer/SDKs/MacOSX15.0.sdk/System/Library/Frameworks/Cocoa.framework; sourceTree = DEVELOPER_DIR; };
		9A9BAB7A780E6B72169896CB /* AppCoordinator.swift */ = {isa = PBXFileReference; includeInIndex = 1; lastKnownFileType = sourcecode.swift; name = AppCoordinator.swift; path = Wallpaper/App/AppCoordinator.swift; sourceTree = "<group>"; };
		A1DB0362C37DDF99B78E9DAE /* SettingsStore.swift */ = {isa = PBXFileReference; includeInIndex = 1; lastKnownFileType = sourcecode.swift; name = SettingsStore.swift; path = Wallpaper/Infrastructure/Storage/SettingsStore.swift; sourceTree = "<group>"; };
		A2E7EF1AC2035FB6A25FAB56 /* DisplayAssignmentsViewModel.swift */ = {isa = PBXFileReference; includeInIndex = 1; lastKnownFileType = sourcecode.swift; name = DisplayAssignmentsViewModel.swift; path = Wallpaper/Features/Displays/DisplayAssignmentsViewModel.swift; sourceTree = "<group>"; };
		A902EA65EC29AB0CEFBA3EFB /* FileManager+Wallpaper.swift */ = {isa = PBXFileReference; includeInIndex = 1; lastKnownFileType = sourcecode.swift; name = "FileManager+Wallpaper.swift"; path = "Wallpaper/Utilities/Extensions/FileManager+Wallpaper.swift"; sourceTree = "<group>"; };
		AB990290CF22B330866A5016 /* AssetMetadataLoader.swift */ = {isa = PBXFileReference; includeInIndex = 1; lastKnownFileType = sourcecode.swift; name = AssetMetadataLoader.swift; path = Wallpaper/Infrastructure/AVFoundation/AssetMetadataLoader.swift; sourceTree = "<group>"; };
		B3C085DC2FD85385A27CCFE6 /* PlaybackProfile.swift */ = {isa = PBXFileReference; includeInIndex = 1; lastKnownFileType = sourcecode.swift; name = PlaybackProfile.swift; path = Wallpaper/Core/Domain/PlaybackProfile.swift; sourceTree = "<group>"; };
		B53B0C2668EBC342E6E6CFFA /* SystemEventMonitor.swift */ = {isa = PBXFileReference; includeInIndex = 1; lastKnownFileType = sourcecode.swift; name = SystemEventMonitor.swift; path = Wallpaper/Infrastructure/System/SystemEventMonitor.swift; sourceTree = "<group>"; };
		B53F8CF1527198785D11BC25 /* PosterFrameGenerator.swift */ = {isa = PBXFileReference; includeInIndex = 1; lastKnownFileType = sourcecode.swift; name = PosterFrameGenerator.swift; path = Wallpaper/Infrastructure/AVFoundation/PosterFrameGenerator.swift; sourceTree = "<group>"; };
		B738591B02825BB54BC7EE71 /* SettingsStoring.swift */ = {isa = PBXFileReference; includeInIndex = 1; lastKnownFileType = sourcecode.swift; name = SettingsStoring.swift; path = Wallpaper/Core/Protocols/SettingsStoring.swift; sourceTree = "<group>"; };
		C0A2B0B64C1564DE54CE15EA /* OcclusionObserver.swift */ = {isa = PBXFileReference; includeInIndex = 1; lastKnownFileType = sourcecode.swift; name = OcclusionObserver.swift; path = Wallpaper/Infrastructure/AppKit/OcclusionObserver.swift; sourceTree = "<group>"; };
		C223D00AC7F9B15A6BA4E67A /* PowerSourceMonitor.swift */ = {isa = PBXFileReference; includeInIndex = 1; lastKnownFileType = sourcecode.swift; name = PowerSourceMonitor.swift; path = Wallpaper/Infrastructure/System/PowerSourceMonitor.swift; sourceTree = "<group>"; };
		C49434CB909302F52D1EE58C /* DisplayManager.swift */ = {isa = PBXFileReference; includeInIndex = 1; lastKnownFileType = sourcecode.swift; name = DisplayManager.swift; path = Wallpaper/Infrastructure/System/DisplayManager.swift; sourceTree = "<group>"; };
		C5FFD6ED049A1F0F52D7A02F /* Localizable.xcstrings */ = {isa = PBXFileReference; includeInIndex = 1; name = Localizable.xcstrings; path = Wallpaper/Resources/Localizable.xcstrings; sourceTree = "<group>"; };
		CC1633781A31AEB21047059D /* StartupManager.swift */ = {isa = PBXFileReference; includeInIndex = 1; lastKnownFileType = sourcecode.swift; name = StartupManager.swift; path = Wallpaper/App/StartupManager.swift; sourceTree = "<group>"; };
		CCF05AF39461ECF10F8B6B7F /* DesktopWallpaperWindow.swift */ = {isa = PBXFileReference; includeInIndex = 1; lastKnownFileType = sourcecode.swift; name = DesktopWallpaperWindow.swift; path = Wallpaper/Infrastructure/AppKit/DesktopWallpaperWindow.swift; sourceTree = "<group>"; };
		DDAB5D2A556E2A0BC52000CA /* WallpaperApp.swift */ = {isa = PBXFileReference; includeInIndex = 1; lastKnownFileType = sourcecode.swift; name = WallpaperApp.swift; path = Wallpaper/App/WallpaperApp.swift; sourceTree = "<group>"; };
		DE858EB946BB59E679C39AE7 /* AppRuntimeState.swift */ = {isa = PBXFileReference; includeInIndex = 1; lastKnownFileType = sourcecode.swift; name = AppRuntimeState.swift; path = Wallpaper/Core/Domain/AppRuntimeState.swift; sourceTree = "<group>"; };
		E15123968F08AD96DC79E60F /* FilePermissionStore.swift */ = {isa = PBXFileReference; includeInIndex = 1; lastKnownFileType = sourcecode.swift; name = FilePermissionStore.swift; path = Wallpaper/Infrastructure/Storage/FilePermissionStore.swift; sourceTree = "<group>"; };
		E36CC9824046DE3174592693 /* Assets.xcassets */ = {isa = PBXFileReference; includeInIndex = 1; lastKnownFileType = folder.assetcatalog; name = Assets.xcassets; path = Wallpaper/Resources/Assets.xcassets; sourceTree = "<group>"; };
		E7E2B31CAD80F6021DEF938B /* WallpaperPlacement.swift */ = {isa = PBXFileReference; includeInIndex = 1; lastKnownFileType = sourcecode.swift; name = WallpaperPlacement.swift; path = Wallpaper/Core/Domain/WallpaperPlacement.swift; sourceTree = "<group>"; };
		E9353509C95268345A8A8098 /* DisplaysView.swift */ = {isa = PBXFileReference; includeInIndex = 1; lastKnownFileType = sourcecode.swift; name = DisplaysView.swift; path = Wallpaper/Features/Displays/DisplaysView.swift; sourceTree = "<group>"; };
		EFF6BA796CCB67B074D377DE /* LibraryView.swift */ = {isa = PBXFileReference; includeInIndex = 1; lastKnownFileType = sourcecode.swift; name = LibraryView.swift; path = Wallpaper/Features/Library/LibraryView.swift; sourceTree = "<group>"; };
		F01D2BB44A113566E3A9E48C /* Wallpaper.entitlements */ = {isa = PBXFileReference; includeInIndex = 1; lastKnownFileType = text.plist.entitlements; name = Wallpaper.entitlements; path = Wallpaper/Resources/Wallpaper.entitlements; sourceTree = "<group>"; };
		F0A170F59F9DA8AE395565BF /* UserPreferences.swift */ = {isa = PBXFileReference; includeInIndex = 1; lastKnownFileType = sourcecode.swift; name = UserPreferences.swift; path = Wallpaper/Core/Domain/UserPreferences.swift; sourceTree = "<group>"; };
		F73F470494EB0545D4F0350F /* WallpaperTests.swift */ = {isa = PBXFileReference; includeInIndex = 1; lastKnownFileType = sourcecode.swift; name = WallpaperTests.swift; path = Tests/Unit/WallpaperTests.swift; sourceTree = "<group>"; };
		F9FCCFFBEBB856191FFCD438 /* WallpaperAsset.swift */ = {isa = PBXFileReference; includeInIndex = 1; lastKnownFileType = sourcecode.swift; name = WallpaperAsset.swift; path = Wallpaper/Core/Domain/WallpaperAsset.swift; sourceTree = "<group>"; };
		FC851A17E668C4CA437FE4BA /* Info.plist */ = {isa = PBXFileReference; includeInIndex = 1; lastKnownFileType = text.plist.xml; name = Info.plist; path = Wallpaper/Resources/Info.plist; sourceTree = "<group>"; };
/* End PBXFileReference section */

/* Begin PBXFrameworksBuildPhase section */
		2714128FF8112EF8A1EA106B /* Frameworks */ = {
			isa = PBXFrameworksBuildPhase;
			buildActionMask = 2147483647;
			files = (
				95AB2D71D599ADD63DED279C /* Cocoa.framework in Frameworks */,
			);
			runOnlyForDeploymentPostprocessing = 0;
		};
		F03C37305AA4778D616B3745 /* Frameworks */ = {
			isa = PBXFrameworksBuildPhase;
			buildActionMask = 2147483647;
			files = (
				6D1011FEC181BC009FF7FEB3 /* Cocoa.framework in Frameworks */,
			);
			runOnlyForDeploymentPostprocessing = 0;
		};
/* End PBXFrameworksBuildPhase section */

/* Begin PBXGroup section */
		06C568AADF424B5B93D17BCE /* Concurrency */ = {
			isa = PBXGroup;
			children = (
			);
			name = Concurrency;
			sourceTree = "<group>";
		};
		0D65E70343E28AAF7A20412F /* Settings */ = {
			isa = PBXGroup;
			children = (
				63ECF50C5450306369DDE073 /* EnergySettingsView.swift */,
				146420A48A1824080F224545 /* GeneralSettingsView.swift */,
				381CD2912A80A801DF0713CB /* SettingsView.swift */,
				3A16F62C32CC8D49A784FC9C /* StartupSettingsView.swift */,
			);
			name = Settings;
			sourceTree = "<group>";
		};
		1E40CF156012AC4A8B8F6195 /* Policies */ = {
			isa = PBXGroup;
			children = (
				0208A47054A67DD9432ECC9C /* EnergyPolicyController.swift */,
				4CA49175DC7B9071AB73A72A /* PlaybackEligibilityEvaluator.swift */,
				66CA5DFBCD827D8D512B3817 /* SessionReconciliationPolicy.swift */,
			);
			name = Policies;
			sourceTree = "<group>";
		};
		28CCAEBE9A18BA827456E9D0 /* Tests */ = {
			isa = PBXGroup;
			children = (
				F1F77D70B2796361D8924F8D /* Integration */,
				7CE0FCF243C99AC764A2471F /* ManualScenarios */,
				8A93FE05784B208FD80F70BE /* Unit */,
			);
			name = Tests;
			sourceTree = "<group>";
		};
		4262DA1CDDF98426AF82F771 /* Library */ = {
			isa = PBXGroup;
			children = (
				40DBA0D7F360016425ADA704 /* AssetInspector.swift */,
				537E306C5E15512FD4EACB52 /* ImportVideoUseCase.swift */,
				EFF6BA796CCB67B074D377DE /* LibraryView.swift */,
			);
			name = Library;
			sourceTree = "<group>";
		};
		456F394690686763EBDA99E6 /* Domain */ = {
			isa = PBXGroup;
			children = (
				1B5AE67FEA80F0A059C1E262 /* AccessBookmark.swift */,
				DE858EB946BB59E679C39AE7 /* AppRuntimeState.swift */,
				7192FEBD9257C2FDA742A092 /* DisplayTarget.swift */,
				B3C085DC2FD85385A27CCFE6 /* PlaybackProfile.swift */,
				8C449B198F1AE6055B5635F7 /* RenderSession.swift */,
				F0A170F59F9DA8AE395565BF /* UserPreferences.swift */,
				F9FCCFFBEBB856191FFCD438 /* WallpaperAsset.swift */,
				E7E2B31CAD80F6021DEF938B /* WallpaperPlacement.swift */,
			);
			name = Domain;
			sourceTree = "<group>";
		};
		5259961298D1138577B2CAA3 /* Utilities */ = {
			isa = PBXGroup;
			children = (
				06C568AADF424B5B93D17BCE /* Concurrency */,
				D94B7DEE146FA6D192134282 /* Extensions */,
			);
			name = Utilities;
			sourceTree = "<group>";
		};
		5571385506D05FBED4E36870 /* Products */ = {
			isa = PBXGroup;
			children = (
				10CA118DC1954CD752C6A6AE /* Wallpaper.app */,
				10F8DB41B0C8F6E0AE90C1FD /* WallpaperTests.xctest */,
			);
			name = Products;
			sourceTree = "<group>";
		};
		56F4720F75FBB863E8F1837B /* System */ = {
			isa = PBXGroup;
			children = (
				C49434CB909302F52D1EE58C /* DisplayManager.swift */,
				2F74379DB4BE675191754C80 /* FullscreenWindowDetector.swift */,
				C223D00AC7F9B15A6BA4E67A /* PowerSourceMonitor.swift */,
				247A2D4C1E25D205673268FC /* StartupLoginManager.swift */,
				B53B0C2668EBC342E6E6CFFA /* SystemEventMonitor.swift */,
				2739FA80286E78266F4E9BFF /* ThermalMonitor.swift */,
			);
			name = System;
			sourceTree = "<group>";
		};
		649F9C77418DCAAC3354FB7E /* Resources */ = {
			isa = PBXGroup;
			children = (
				E36CC9824046DE3174592693 /* Assets.xcassets */,
				0007D0F6E6ADFCA516988769 /* Defaults.plist */,
				FC851A17E668C4CA437FE4BA /* Info.plist */,
				C5FFD6ED049A1F0F52D7A02F /* Localizable.xcstrings */,
				F01D2BB44A113566E3A9E48C /* Wallpaper.entitlements */,
			);
			name = Resources;
			sourceTree = "<group>";
		};
		68E055F4257F869956171DF5 /* AVFoundation */ = {
			isa = PBXGroup;
			children = (
				404788DAB422FE6281BBF593 /* AVPlayerPlaybackController.swift */,
				AB990290CF22B330866A5016 /* AssetMetadataLoader.swift */,
				B53F8CF1527198785D11BC25 /* PosterFrameGenerator.swift */,
				5EB7554041A0D264BF1454D4 /* VideoCapabilityInspector.swift */,
			);
			name = AVFoundation;
			sourceTree = "<group>";
		};
		72F264BDBCAD9209D6447A40 /* Wallpaper */ = {
			isa = PBXGroup;
			children = (
				7B4D9030342AB0E89290B85C /* App */,
				76EC6FD78CD071185318484F /* Core */,
				9FFA5FE217C2EB8CF3572942 /* Features */,
				D1B9F07922E561F23925C376 /* Infrastructure */,
				649F9C77418DCAAC3354FB7E /* Resources */,
				5259961298D1138577B2CAA3 /* Utilities */,
			);
			name = Wallpaper;
			sourceTree = "<group>";
		};
		76EC6FD78CD071185318484F /* Core */ = {
			isa = PBXGroup;
			children = (
				456F394690686763EBDA99E6 /* Domain */,
				1E40CF156012AC4A8B8F6195 /* Policies */,
				78218DF5517201EA1872ED36 /* Protocols */,
			);
			name = Core;
			sourceTree = "<group>";
		};
		7758AAB7612C9AB95E4B49E2 /* Displays */ = {
			isa = PBXGroup;
			children = (
				A2E7EF1AC2035FB6A25FAB56 /* DisplayAssignmentsViewModel.swift */,
				E9353509C95268345A8A8098 /* DisplaysView.swift */,
				769C5C6681CCA99AD1B92B83 /* WallpaperPlacementEditor.swift */,
			);
			name = Displays;
			sourceTree = "<group>";
		};
		77A41CCB4821DE650DB5BCE7 /* AppKit */ = {
			isa = PBXGroup;
			children = (
				CCF05AF39461ECF10F8B6B7F /* DesktopWallpaperWindow.swift */,
				1ABAD29E7A468F354FE7C838 /* DesktopWallpaperWindowController.swift */,
				C0A2B0B64C1564DE54CE15EA /* OcclusionObserver.swift */,
				3D12F4326D9C4AF891175955 /* WallpaperHostView.swift */,
			);
			name = AppKit;
			sourceTree = "<group>";
		};
		78218DF5517201EA1872ED36 /* Protocols */ = {
			isa = PBXGroup;
			children = (
				05AB68F626883E7CAE525DFE /* DisplayProviding.swift */,
				0F0D6DC6B668CB1167900BA8 /* PermissionStoring.swift */,
				6F1B0AEC09F28DD718DCCA60 /* PlaybackControlling.swift */,
				B738591B02825BB54BC7EE71 /* SettingsStoring.swift */,
			);
			name = Protocols;
			sourceTree = "<group>";
		};
		7B4D9030342AB0E89290B85C /* App */ = {
			isa = PBXGroup;
			children = (
				9A9BAB7A780E6B72169896CB /* AppCoordinator.swift */,
				4639427A439E618C7F4927C5 /* AppDelegate.swift */,
				CC1633781A31AEB21047059D /* StartupManager.swift */,
				7174A2E713A80764C3421225 /* StatusItemController.swift */,
				DDAB5D2A556E2A0BC52000CA /* WallpaperApp.swift */,
				79460C510CE10662A9918EC4 /* WallpaperSessionManager.swift */,
			);
			name = App;
			sourceTree = "<group>";
		};
		7CE0FCF243C99AC764A2471F /* ManualScenarios */ = {
			isa = PBXGroup;
			children = (
			);
			name = ManualScenarios;
			sourceTree = "<group>";
		};
		8A93FE05784B208FD80F70BE /* Unit */ = {
			isa = PBXGroup;
			children = (
				F73F470494EB0545D4F0350F /* WallpaperTests.swift */,
			);
			name = Unit;
			sourceTree = "<group>";
		};
		9FFA5FE217C2EB8CF3572942 /* Features */ = {
			isa = PBXGroup;
			children = (
				7758AAB7612C9AB95E4B49E2 /* Displays */,
				4262DA1CDDF98426AF82F771 /* Library */,
				0D65E70343E28AAF7A20412F /* Settings */,
			);
			name = Features;
			sourceTree = "<group>";
		};
		A783DD3DF8F075F5B4DC0C70 /* OS X */ = {
			isa = PBXGroup;
			children = (
				9289FA9C2A0E599C5D2DC929 /* Cocoa.framework */,
			);
			name = "OS X";
			sourceTree = "<group>";
		};
		AB3CBB8A656D655F9590D749 = {
			isa = PBXGroup;
			children = (
				5571385506D05FBED4E36870 /* Products */,
				BCA2EEBC870E330DEC3C004D /* Frameworks */,
				72F264BDBCAD9209D6447A40 /* Wallpaper */,
				28CCAEBE9A18BA827456E9D0 /* Tests */,
			);
			sourceTree = "<group>";
		};
		BCA2EEBC870E330DEC3C004D /* Frameworks */ = {
			isa = PBXGroup;
			children = (
				A783DD3DF8F075F5B4DC0C70 /* OS X */,
			);
			name = Frameworks;
			sourceTree = "<group>";
		};
		D1B9F07922E561F23925C376 /* Infrastructure */ = {
			isa = PBXGroup;
			children = (
				68E055F4257F869956171DF5 /* AVFoundation */,
				77A41CCB4821DE650DB5BCE7 /* AppKit */,
				EF724E695E8F5100ECBB7B8C /* Storage */,
				56F4720F75FBB863E8F1837B /* System */,
			);
			name = Infrastructure;
			sourceTree = "<group>";
		};
		D94B7DEE146FA6D192134282 /* Extensions */ = {
			isa = PBXGroup;
			children = (
				A902EA65EC29AB0CEFBA3EFB /* FileManager+Wallpaper.swift */,
				3C9150A3F36685E85DBEC608 /* NSScreen+Display.swift */,
			);
			name = Extensions;
			sourceTree = "<group>";
		};
		EF724E695E8F5100ECBB7B8C /* Storage */ = {
			isa = PBXGroup;
			children = (
				8960647F63A6C8139BC47EE0 /* AssetCatalogStore.swift */,
				E15123968F08AD96DC79E60F /* FilePermissionStore.swift */,
				91B9C4B7379809D4FE1A3F58 /* PosterCacheStore.swift */,
				A1DB0362C37DDF99B78E9DAE /* SettingsStore.swift */,
			);
			name = Storage;
			sourceTree = "<group>";
		};
		F1F77D70B2796361D8924F8D /* Integration */ = {
			isa = PBXGroup;
			children = (
			);
			name = Integration;
			sourceTree = "<group>";
		};
/* End PBXGroup section */

/* Begin PBXNativeTarget section */
		5002032E77E498DD97864F80 /* Wallpaper */ = {
			isa = PBXNativeTarget;
			buildConfigurationList = DC67BAC638D8306337AA10C2 /* Build configuration list for PBXNativeTarget "Wallpaper" */;
			buildPhases = (
				2139CD4FA719273B73558189 /* Sources */,
				2714128FF8112EF8A1EA106B /* Frameworks */,
				92764209EBDBFCD347FD6E31 /* Resources */,
			);
			buildRules = (
			);
			dependencies = (
			);
			name = Wallpaper;
			productName = Wallpaper;
			productReference = 10CA118DC1954CD752C6A6AE /* Wallpaper.app */;
			productType = "com.apple.product-type.application";
		};
		E0C91852D8F95A677C18D6CE /* WallpaperTests */ = {
			isa = PBXNativeTarget;
			buildConfigurationList = 254CAA962BD45E04BAFFA620 /* Build configuration list for PBXNativeTarget "WallpaperTests" */;
			buildPhases = (
				DE853C1A7627801DF3E8F0BB /* Sources */,
				F03C37305AA4778D616B3745 /* Frameworks */,
				83DA8C7EC55F128B7878C544 /* Resources */,
			);
			buildRules = (
			);
			dependencies = (
				90C7A773AE646990A4005303 /* PBXTargetDependency */,
			);
			name = WallpaperTests;
			productName = WallpaperTests;
			productReference = 10F8DB41B0C8F6E0AE90C1FD /* WallpaperTests.xctest */;
			productType = "com.apple.product-type.bundle.unit-test";
		};
/* End PBXNativeTarget section */

/* Begin PBXProject section */
		9E72306636B6D0733F20AB72 /* Project object */ = {
			isa = PBXProject;
			attributes = {
				LastSwiftUpdateCheck = 1600;
				LastUpgradeCheck = 1600;
			};
			buildConfigurationList = 7E98CA250AD17791A4BF399D /* Build configuration list for PBXProject "Wallpaper" */;
			compatibilityVersion = "Xcode 3.2";
			developmentRegion = en;
			hasScannedForEncodings = 0;
			knownRegions = (
				en,
				Base,
			);
			mainGroup = AB3CBB8A656D655F9590D749;
			minimizedProjectReferenceProxies = 0;
			preferredProjectObjectVersion = 77;
			productRefGroup = 5571385506D05FBED4E36870 /* Products */;
			projectDirPath = "";
			projectRoot = "";
			targets = (
				5002032E77E498DD97864F80 /* Wallpaper */,
				E0C91852D8F95A677C18D6CE /* WallpaperTests */,
			);
		};
/* End PBXProject section */

/* Begin PBXResourcesBuildPhase section */
		83DA8C7EC55F128B7878C544 /* Resources */ = {
			isa = PBXResourcesBuildPhase;
			buildActionMask = 2147483647;
			files = (
			);
			runOnlyForDeploymentPostprocessing = 0;
		};
		92764209EBDBFCD347FD6E31 /* Resources */ = {
			isa = PBXResourcesBuildPhase;
			buildActionMask = 2147483647;
			files = (
				6AEB0AA2FEAF6A6D21CC5425 /* Assets.xcassets in Resources */,
				86DC91D5D49609D0AD4B4883 /* Defaults.plist in Resources */,
				8E3F954FD24A3F95BBA97AB4 /* Localizable.xcstrings in Resources */,
			);
			runOnlyForDeploymentPostprocessing = 0;
		};
/* End PBXResourcesBuildPhase section */

/* Begin PBXSourcesBuildPhase section */
		2139CD4FA719273B73558189 /* Sources */ = {
			isa = PBXSourcesBuildPhase;
			buildActionMask = 2147483647;
			files = (
				A382319A856B4D26B12957BE /* AppCoordinator.swift in Sources */,
				42BCC4BA74990B6DB57099DF /* AppDelegate.swift in Sources */,
				0253FF786B80084065EC5101 /* StartupManager.swift in Sources */,
				6B9FC31D9A30EDF36568EE44 /* StatusItemController.swift in Sources */,
				1333481B3D2D0AC52C9C31BC /* WallpaperApp.swift in Sources */,
				71B4814F838DBF1F35632571 /* WallpaperSessionManager.swift in Sources */,
				383B99FDA75EFEA62319B55F /* AccessBookmark.swift in Sources */,
				B2D004E8711656F41A2BCA74 /* AppRuntimeState.swift in Sources */,
				4E023E01CFEA7C53901B5D6A /* DisplayTarget.swift in Sources */,
				CC44C4FC98D0D341600D7D4F /* PlaybackProfile.swift in Sources */,
				25F744675D95EB20A2E72C70 /* RenderSession.swift in Sources */,
				A0F233E35ED250A3746167F1 /* UserPreferences.swift in Sources */,
				70524EFC6380FCFCBEAEA71C /* WallpaperAsset.swift in Sources */,
				FE26B4036278941CC85727D6 /* WallpaperPlacement.swift in Sources */,
				7F9043E4AC6054A3052BD011 /* EnergyPolicyController.swift in Sources */,
				4BE0A31C3F98931B70D523B3 /* PlaybackEligibilityEvaluator.swift in Sources */,
				6677CEBADA9C42068D2F0348 /* SessionReconciliationPolicy.swift in Sources */,
				0A057EF2AE5346B0787DB4C5 /* DisplayProviding.swift in Sources */,
				76B1182A81F803EF0D0E0AEF /* PermissionStoring.swift in Sources */,
				7FC3BCA826905737083B4941 /* PlaybackControlling.swift in Sources */,
				672FF7BC6D5CF03BEDF049F3 /* SettingsStoring.swift in Sources */,
				ACA3320DFFCB4B636D24ECAD /* DisplayAssignmentsViewModel.swift in Sources */,
				B991CA1267F51754BE0AFCFD /* DisplaysView.swift in Sources */,
				8E402206425E79847BEA421E /* WallpaperPlacementEditor.swift in Sources */,
				659A4D0ACF714BEE9CBA839A /* AssetInspector.swift in Sources */,
				FB8E8A35DE703979C16D50D4 /* ImportVideoUseCase.swift in Sources */,
				995B74426B6F391145286EB3 /* LibraryView.swift in Sources */,
				7816AE28143C4E142873A7CA /* EnergySettingsView.swift in Sources */,
				DDDA4D310BD8F59E9E5B9BA7 /* GeneralSettingsView.swift in Sources */,
				44AB85F4F972C0B2698CF283 /* SettingsView.swift in Sources */,
				0B90BAF7B175E6078AC5A674 /* StartupSettingsView.swift in Sources */,
				CE17A7B784361D91E6E08576 /* AVPlayerPlaybackController.swift in Sources */,
				A627F899330AE634BF14A911 /* AssetMetadataLoader.swift in Sources */,
				7CD0657F590D0DA55F09A08C /* PosterFrameGenerator.swift in Sources */,
				FB1F92F79540728F883D2088 /* VideoCapabilityInspector.swift in Sources */,
				2F1173786ADB31092BB27566 /* DesktopWallpaperWindow.swift in Sources */,
				7D4F312245B2C7FB1C19EC5C /* DesktopWallpaperWindowController.swift in Sources */,
				7623F9EB50B58C8EE665ADB6 /* OcclusionObserver.swift in Sources */,
				A0D660DD04DAC33BDFD15852 /* WallpaperHostView.swift in Sources */,
				7D56A48D1794FF169EC7B584 /* AssetCatalogStore.swift in Sources */,
				91FE7B0B81208000BF797866 /* FilePermissionStore.swift in Sources */,
				14BC10C70EBE99CEB04B516A /* PosterCacheStore.swift in Sources */,
				A57944E70B2195758D95611C /* SettingsStore.swift in Sources */,
				46585D9B60D59C363628E4A7 /* DisplayManager.swift in Sources */,
				4DCAAD40125BC004264ED467 /* FullscreenWindowDetector.swift in Sources */,
				8387891382372256965ED406 /* PowerSourceMonitor.swift in Sources */,
				CFC731725BE045D4EE743BD9 /* StartupLoginManager.swift in Sources */,
				C557BE36575D7A2639C2CEE5 /* SystemEventMonitor.swift in Sources */,
				A2474E03084AA6FB229FC1E0 /* ThermalMonitor.swift in Sources */,
				17E6C42323852C1EFCCD7A27 /* FileManager+Wallpaper.swift in Sources */,
				CC1384BCD85F8EFDBC375023 /* NSScreen+Display.swift in Sources */,
			);
			runOnlyForDeploymentPostprocessing = 0;
		};
		DE853C1A7627801DF3E8F0BB /* Sources */ = {
			isa = PBXSourcesBuildPhase;
			buildActionMask = 2147483647;
			files = (
				BE232D8E88A0726491A35B66 /* WallpaperTests.swift in Sources */,
			);
			runOnlyForDeploymentPostprocessing = 0;
		};
/* End PBXSourcesBuildPhase section */

/* Begin PBXTargetDependency section */
		90C7A773AE646990A4005303 /* PBXTargetDependency */ = {
			isa = PBXTargetDependency;
			name = Wallpaper;
			target = 5002032E77E498DD97864F80 /* Wallpaper */;
			targetProxy = EDC79144B03627EBA4501320 /* PBXContainerItemProxy */;
		};
/* End PBXTargetDependency section */

/* Begin XCBuildConfiguration section */
		3DDBB4B792DF19ADECC67099 /* Debug */ = {
			isa = XCBuildConfiguration;
			buildSettings = {
				ASSETCATALOG_COMPILER_APPICON_NAME = AppIcon;
				ASSETCATALOG_COMPILER_GLOBAL_ACCENT_COLOR_NAME = AccentColor;
				CLANG_ENABLE_MODULES = YES;
				CODE_SIGN_ENTITLEMENTS = Wallpaper/Resources/Wallpaper.entitlements;
				CODE_SIGN_STYLE = Automatic;
				COMBINE_HIDPI_IMAGES = YES;
				ENABLE_HARDENED_RUNTIME = YES;
				GENERATE_INFOPLIST_FILE = NO;
				INFOPLIST_FILE = Wallpaper/Resources/Info.plist;
				LD_RUNPATH_SEARCH_PATHS = "$(inherited) @executable_path/../Frameworks";
				MACOSX_DEPLOYMENT_TARGET = 14.0;
				PRODUCT_BUNDLE_IDENTIFIER = com.yurisantos.wallpaper;
				PRODUCT_NAME = "$(TARGET_NAME)";
				SDKROOT = macosx;
				SWIFT_EMIT_LOC_STRINGS = YES;
				SWIFT_VERSION = 6.0;
			};
			name = Debug;
		};
		BDC1BAB6B274B3DE9E66B33A /* Debug */ = {
			isa = XCBuildConfiguration;
			buildSettings = {
				ALWAYS_SEARCH_USER_PATHS = NO;
				CLANG_ANALYZER_NONNULL = YES;
				CLANG_ANALYZER_NUMBER_OBJECT_CONVERSION = YES_AGGRESSIVE;
				CLANG_CXX_LANGUAGE_STANDARD = "gnu++14";
				CLANG_CXX_LIBRARY = "libc++";
				CLANG_ENABLE_MODULES = YES;
				CLANG_ENABLE_OBJC_ARC = YES;
				CLANG_ENABLE_OBJC_WEAK = YES;
				CLANG_WARN_BLOCK_CAPTURE_AUTORELEASING = YES;
				CLANG_WARN_BOOL_CONVERSION = YES;
				CLANG_WARN_COMMA = YES;
				CLANG_WARN_CONSTANT_CONVERSION = YES;
				CLANG_WARN_DEPRECATED_OBJC_IMPLEMENTATIONS = YES;
				CLANG_WARN_DIRECT_OBJC_ISA_USAGE = YES_ERROR;
				CLANG_WARN_DOCUMENTATION_COMMENTS = YES;
				CLANG_WARN_EMPTY_BODY = YES;
				CLANG_WARN_ENUM_CONVERSION = YES;
				CLANG_WARN_INFINITE_RECURSION = YES;
				CLANG_WARN_INT_CONVERSION = YES;
				CLANG_WARN_NON_LITERAL_NULL_CONVERSION = YES;
				CLANG_WARN_OBJC_IMPLICIT_RETAIN_SELF = YES;
				CLANG_WARN_OBJC_LITERAL_CONVERSION = YES;
				CLANG_WARN_OBJC_ROOT_CLASS = YES_ERROR;
				CLANG_WARN_QUOTED_INCLUDE_IN_FRAMEWORK_HEADER = YES;
				CLANG_WARN_RANGE_LOOP_ANALYSIS = YES;
				CLANG_WARN_STRICT_PROTOTYPES = YES;
				CLANG_WARN_SUSPICIOUS_MOVE = YES;
				CLANG_WARN_UNGUARDED_AVAILABILITY = YES_AGGRESSIVE;
				CLANG_WARN_UNREACHABLE_CODE = YES;
				CLANG_WARN__DUPLICATE_METHOD_MATCH = YES;
				COPY_PHASE_STRIP = NO;
				DEBUG_INFORMATION_FORMAT = dwarf;
				ENABLE_STRICT_OBJC_MSGSEND = YES;
				ENABLE_TESTABILITY = YES;
				GCC_C_LANGUAGE_STANDARD = gnu11;
				GCC_DYNAMIC_NO_PIC = NO;
				GCC_NO_COMMON_BLOCKS = YES;
				GCC_OPTIMIZATION_LEVEL = 0;
				GCC_PREPROCESSOR_DEFINITIONS = (
					"DEBUG=1",
					"$(inherited)",
				);
				GCC_WARN_64_TO_32_BIT_CONVERSION = YES;
				GCC_WARN_ABOUT_RETURN_TYPE = YES_ERROR;
				GCC_WARN_UNDECLARED_SELECTOR = YES;
				GCC_WARN_UNINITIALIZED_AUTOS = YES_AGGRESSIVE;
				GCC_WARN_UNUSED_FUNCTION = YES;
				GCC_WARN_UNUSED_VARIABLE = YES;
				MTL_ENABLE_DEBUG_INFO = INCLUDE_SOURCE;
				MTL_FAST_MATH = YES;
				ONLY_ACTIVE_ARCH = YES;
				PRODUCT_NAME = "$(TARGET_NAME)";
				SWIFT_ACTIVE_COMPILATION_CONDITIONS = DEBUG;
				SWIFT_OPTIMIZATION_LEVEL = "-Onone";
				SWIFT_VERSION = 5.0;
			};
			name = Debug;
		};
		C310575EEFF4E9C15650E04E /* Release */ = {
			isa = XCBuildConfiguration;
			buildSettings = {
				ASSETCATALOG_COMPILER_APPICON_NAME = AppIcon;
				ASSETCATALOG_COMPILER_GLOBAL_ACCENT_COLOR_NAME = AccentColor;
				CLANG_ENABLE_MODULES = YES;
				CODE_SIGN_ENTITLEMENTS = Wallpaper/Resources/Wallpaper.entitlements;
				CODE_SIGN_STYLE = Automatic;
				COMBINE_HIDPI_IMAGES = YES;
				ENABLE_HARDENED_RUNTIME = YES;
				GENERATE_INFOPLIST_FILE = NO;
				INFOPLIST_FILE = Wallpaper/Resources/Info.plist;
				LD_RUNPATH_SEARCH_PATHS = "$(inherited) @executable_path/../Frameworks";
				MACOSX_DEPLOYMENT_TARGET = 14.0;
				PRODUCT_BUNDLE_IDENTIFIER = com.yurisantos.wallpaper;
				PRODUCT_NAME = "$(TARGET_NAME)";
				SDKROOT = macosx;
				SWIFT_EMIT_LOC_STRINGS = YES;
				SWIFT_VERSION = 6.0;
			};
			name = Release;
		};
		D0D4513A753934598CF96D00 /* Debug */ = {
			isa = XCBuildConfiguration;
			buildSettings = {
				BUNDLE_LOADER = "$(TEST_HOST)";
				CLANG_ENABLE_MODULES = YES;
				CODE_SIGN_STYLE = Automatic;
				GENERATE_INFOPLIST_FILE = YES;
				MACOSX_DEPLOYMENT_TARGET = 14.0;
				PRODUCT_BUNDLE_IDENTIFIER = com.yurisantos.wallpaper.tests;
				PRODUCT_NAME = "$(TARGET_NAME)";
				SDKROOT = macosx;
				SWIFT_VERSION = 6.0;
				TEST_HOST = "$(BUILT_PRODUCTS_DIR)/Wallpaper.app/Contents/MacOS/Wallpaper";
			};
			name = Debug;
		};
		FA282F5059E13BD4FC4FB183 /* Release */ = {
			isa = XCBuildConfiguration;
			buildSettings = {
				ALWAYS_SEARCH_USER_PATHS = NO;
				CLANG_ANALYZER_NONNULL = YES;
				CLANG_ANALYZER_NUMBER_OBJECT_CONVERSION = YES_AGGRESSIVE;
				CLANG_CXX_LANGUAGE_STANDARD = "gnu++14";
				CLANG_CXX_LIBRARY = "libc++";
				CLANG_ENABLE_MODULES = YES;
				CLANG_ENABLE_OBJC_ARC = YES;
				CLANG_ENABLE_OBJC_WEAK = YES;
				CLANG_WARN_BLOCK_CAPTURE_AUTORELEASING = YES;
				CLANG_WARN_BOOL_CONVERSION = YES;
				CLANG_WARN_COMMA = YES;
				CLANG_WARN_CONSTANT_CONVERSION = YES;
				CLANG_WARN_DEPRECATED_OBJC_IMPLEMENTATIONS = YES;
				CLANG_WARN_DIRECT_OBJC_ISA_USAGE = YES_ERROR;
				CLANG_WARN_DOCUMENTATION_COMMENTS = YES;
				CLANG_WARN_EMPTY_BODY = YES;
				CLANG_WARN_ENUM_CONVERSION = YES;
				CLANG_WARN_INFINITE_RECURSION = YES;
				CLANG_WARN_INT_CONVERSION = YES;
				CLANG_WARN_NON_LITERAL_NULL_CONVERSION = YES;
				CLANG_WARN_OBJC_IMPLICIT_RETAIN_SELF = YES;
				CLANG_WARN_OBJC_LITERAL_CONVERSION = YES;
				CLANG_WARN_OBJC_ROOT_CLASS = YES_ERROR;
				CLANG_WARN_QUOTED_INCLUDE_IN_FRAMEWORK_HEADER = YES;
				CLANG_WARN_RANGE_LOOP_ANALYSIS = YES;
				CLANG_WARN_STRICT_PROTOTYPES = YES;
				CLANG_WARN_SUSPICIOUS_MOVE = YES;
				CLANG_WARN_UNGUARDED_AVAILABILITY = YES_AGGRESSIVE;
				CLANG_WARN_UNREACHABLE_CODE = YES;
				CLANG_WARN__DUPLICATE_METHOD_MATCH = YES;
				COPY_PHASE_STRIP = NO;
				DEBUG_INFORMATION_FORMAT = "dwarf-with-dsym";
				ENABLE_NS_ASSERTIONS = NO;
				ENABLE_STRICT_OBJC_MSGSEND = YES;
				GCC_C_LANGUAGE_STANDARD = gnu11;
				GCC_NO_COMMON_BLOCKS = YES;
				GCC_WARN_64_TO_32_BIT_CONVERSION = YES;
				GCC_WARN_ABOUT_RETURN_TYPE = YES_ERROR;
				GCC_WARN_UNDECLARED_SELECTOR = YES;
				GCC_WARN_UNINITIALIZED_AUTOS = YES_AGGRESSIVE;
				GCC_WARN_UNUSED_FUNCTION = YES;
				GCC_WARN_UNUSED_VARIABLE = YES;
				MTL_ENABLE_DEBUG_INFO = NO;
				MTL_FAST_MATH = YES;
				PRODUCT_NAME = "$(TARGET_NAME)";
				SWIFT_COMPILATION_MODE = wholemodule;
				SWIFT_OPTIMIZATION_LEVEL = "-O";
				SWIFT_VERSION = 5.0;
			};
			name = Release;
		};
		FE0423FDC56D1152C58B2AA6 /* Release */ = {
			isa = XCBuildConfiguration;
			buildSettings = {
				BUNDLE_LOADER = "$(TEST_HOST)";
				CLANG_ENABLE_MODULES = YES;
				CODE_SIGN_STYLE = Automatic;
				GENERATE_INFOPLIST_FILE = YES;
				MACOSX_DEPLOYMENT_TARGET = 14.0;
				PRODUCT_BUNDLE_IDENTIFIER = com.yurisantos.wallpaper.tests;
				PRODUCT_NAME = "$(TARGET_NAME)";
				SDKROOT = macosx;
				SWIFT_VERSION = 6.0;
				TEST_HOST = "$(BUILT_PRODUCTS_DIR)/Wallpaper.app/Contents/MacOS/Wallpaper";
			};
			name = Release;
		};
/* End XCBuildConfiguration section */

/* Begin XCConfigurationList section */
		254CAA962BD45E04BAFFA620 /* Build configuration list for PBXNativeTarget "WallpaperTests" */ = {
			isa = XCConfigurationList;
			buildConfigurations = (
				FE0423FDC56D1152C58B2AA6 /* Release */,
				D0D4513A753934598CF96D00 /* Debug */,
			);
			defaultConfigurationIsVisible = 0;
			defaultConfigurationName = Release;
		};
		7E98CA250AD17791A4BF399D /* Build configuration list for PBXProject "Wallpaper" */ = {
			isa = XCConfigurationList;
			buildConfigurations = (
				BDC1BAB6B274B3DE9E66B33A /* Debug */,
				FA282F5059E13BD4FC4FB183 /* Release */,
			);
			defaultConfigurationIsVisible = 0;
			defaultConfigurationName = Release;
		};
		DC67BAC638D8306337AA10C2 /* Build configuration list for PBXNativeTarget "Wallpaper" */ = {
			isa = XCConfigurationList;
			buildConfigurations = (
				C310575EEFF4E9C15650E04E /* Release */,
				3DDBB4B792DF19ADECC67099 /* Debug */,
			);
			defaultConfigurationIsVisible = 0;
			defaultConfigurationName = Release;
		};
/* End XCConfigurationList section */
	};
	rootObject = 9E72306636B6D0733F20AB72 /* Project object */;
}
